// !$*UTF8*$!
{
	archiveVersion = 1;
	classes = {
	};
	objectVersion = 46;
	objects = {

/* Begin PBXBuildFile section */
		FD5C00271A678E57005C2061 /* main.m in Sources */ = {isa = PBXBuildFile; fileRef = FD5C00261A678E57005C2061 /* main.m */; };
		FD5C002A1A678E57005C2061 /* AppDelegate.m in Sources */ = {isa = PBXBuildFile; fileRef = FD5C00291A678E57005C2061 /* AppDelegate.m */; };
		FD5C002D1A678E57005C2061 /* ViewController.m in Sources */ = {isa = PBXBuildFile; fileRef = FD5C002C1A678E57005C2061 /* ViewController.m */; };
		FD5C00301A678E57005C2061 /* Main.storyboard in Resources */ = {isa = PBXBuildFile; fileRef = FD5C002E1A678E57005C2061 /* Main.storyboard */; };
		FD5C00321A678E57005C2061 /* Images.xcassets in Resources */ = {isa = PBXBuildFile; fileRef = FD5C00311A678E57005C2061 /* Images.xcassets */; };
		FD5C00351A678E57005C2061 /* LaunchScreen.xib in Resources */ = {isa = PBXBuildFile; fileRef = FD5C00331A678E57005C2061 /* LaunchScreen.xib */; };
		FD5C00411A678E57005C2061 /* iosDemoTests.m in Sources */ = {isa = PBXBuildFile; fileRef = FD5C00401A678E57005C2061 /* iosDemoTests.m */; };
/* End PBXBuildFile section */

/* Begin PBXContainerItemProxy section */
		FD5C003B1A678E57005C2061 /* PBXContainerItemProxy */ = {
			isa = PBXContainerItemProxy;
			containerPortal = FD5C00191A678E57005C2061 /* Project object */;
			proxyType = 1;
			remoteGlobalIDString = FD5C00201A678E57005C2061;
			remoteInfo = iosDemo;
		};
/* End PBXContainerItemProxy section */

/* Begin PBXFileReference section */
		FD5C00211A678E57005C2061 /* iosDemo.app */ = {isa = PBXFileReference; explicitFileType = wrapper.application; includeInIndex = 0; path = iosDemo.app; sourceTree = BUILT_PRODUCTS_DIR; };
		FD5C00251A678E57005C2061 /* Info.plist */ = {isa = PBXFileReference; lastKnownFileType = text.plist.xml; path = Info.plist; sourceTree = "<group>"; };
		FD5C00261A678E57005C2061 /* main.m */ = {isa = PBXFileReference; lastKnownFileType = sourcecode.c.objc; path = main.m; sourceTree = "<group>"; };
		FD5C00281A678E57005C2061 /* AppDelegate.h */ = {isa = PBXFileReference; lastKnownFileType = sourcecode.c.h; path = AppDelegate.h; sourceTree = "<group>"; };
		FD5C00291A678E57005C2061 /* AppDelegate.m */ = {isa = PBXFileReference; lastKnownFileType = sourcecode.c.objc; path = AppDelegate.m; sourceTree = "<group>"; };
		FD5C002B1A678E57005C2061 /* ViewController.h */ = {isa = PBXFileReference; lastKnownFileType = sourcecode.c.h; path = ViewController.h; sourceTree = "<group>"; };
		FD5C002C1A678E57005C2061 /* ViewController.m */ = {isa = PBXFileReference; lastKnownFileType = sourcecode.c.objc; path = ViewController.m; sourceTree = "<group>"; };
		FD5C002F1A678E57005C2061 /* Base */ = {isa = PBXFileReference; lastKnownFileType = file.storyboard; name = Base; path = Base.lproj/Main.storyboard; sourceTree = "<group>"; };
		FD5C00311A678E57005C2061 /* Images.xcassets */ = {isa = PBXFileReference; lastKnownFileType = folder.assetcatalog; path = Images.xcassets; sourceTree = "<group>"; };
		FD5C00341A678E57005C2061 /* Base */ = {isa = PBXFileReference; lastKnownFileType = file.xib; name = Base; path = Base.lproj/LaunchScreen.xib; sourceTree = "<group>"; };
		FD5C003A1A678E57005C2061 /* iosDemoTests.xctest */ = {isa = PBXFileReference; explicitFileType = wrapper.cfbundle; includeInIndex = 0; path = iosDemoTests.xctest; sourceTree = BUILT_PRODUCTS_DIR; };
		FD5C003F1A678E57005C2061 /* Info.plist */ = {isa = PBXFileReference; lastKnownFileType = text.plist.xml; path = Info.plist; sourceTree = "<group>"; };
		FD5C00401A678E57005C2061 /* iosDemoTests.m */ = {isa = PBXFileReference; lastKnownFileType = sourcecode.c.objc; path = iosDemoTests.m; sourceTree = "<group>"; };
/* End PBXFileReference section */

/* Begin PBXFrameworksBuildPhase section */
		FD5C001E1A678E57005C2061 /* Frameworks */ = {
			isa = PBXFrameworksBuildPhase;
			buildActionMask = 2147483647;
			files = (
			);
			runOnlyForDeploymentPostprocessing = 0;
		};
		FD5C00371A678E57005C2061 /* Frameworks */ = {
			isa = PBXFrameworksBuildPhase;
			buildActionMask = 2147483647;
			files = (
			);
			runOnlyForDeploymentPostprocessing = 0;
		};
/* End PBXFrameworksBuildPhase section */

/* Begin PBXGroup section */
		FD5C00181A678E57005C2061 = {
			isa = PBXGroup;
			children = (
				FD5C00231A678E57005C2061 /* iosDemo */,
				FD5C003D1A678E57005C2061 /* iosDemoTests */,
				FD5C00221A678E57005C2061 /* Products */,
			);
			sourceTree = "<group>";
		};
		FD5C00221A678E57005C2061 /* Products */ = {
			isa = PBXGroup;
			children = (
				FD5C00211A678E57005C2061 /* iosDemo.app */,
				FD5C003A1A678E57005C2061 /* iosDemoTests.xctest */,
			);
			name = Products;
			sourceTree = "<group>";
		};
		FD5C00231A678E57005C2061 /* iosDemo */ = {
			isa = PBXGroup;
			children = (
				FD5C00281A678E57005C2061 /* AppDelegate.h */,
				FD5C00291A678E57005C2061 /* AppDelegate.m */,
				FD5C002B1A678E57005C2061 /* ViewController.h */,
				FD5C002C1A678E57005C2061 /* ViewController.m */,
				FD5C002E1A678E57005C2061 /* Main.storyboard */,
				FD5C00311A678E57005C2061 /* Images.xcassets */,
				FD5C00331A678E57005C2061 /* LaunchScreen.xib */,
				FD5C00241A678E57005C2061 /* Supporting Files */,
			);
			path = iosDemo;
			sourceTree = "<group>";
		};
		FD5C00241A678E57005C2061 /* Supporting Files */ = {
			isa = PBXGroup;
			children = (
				FD5C00251A678E57005C2061 /* Info.plist */,
				FD5C00261A678E57005C2061 /* main.m */,
			);
			name = "Supporting Files";
			sourceTree = "<group>";
		};
		FD5C003D1A678E57005C2061 /* iosDemoTests */ = {
			isa = PBXGroup;
			children = (
				FD5C00401A678E57005C2061 /* iosDemoTests.m */,
				FD5C003E1A678E57005C2061 /* Supporting Files */,
			);
			path = iosDemoTests;
			sourceTree = "<group>";
		};
		FD5C003E1A678E57005C2061 /* Supporting Files */ = {
			isa = PBXGroup;
			children = (
				FD5C003F1A678E57005C2061 /* Info.plist */,
			);
			name = "Supporting Files";
			sourceTree = "<group>";
		};
/* End PBXGroup section */

/* Begin PBXNativeTarget section */
		FD5C00201A678E57005C2061 /* iosDemo */ = {
			isa = PBXNativeTarget;
			buildConfigurationList = FD5C00441A678E57005C2061 /* Build configuration list for PBXNativeTarget "iosDemo" */;
			buildPhases = (
				FD5C001D1A678E57005C2061 /* Sources */,
				FD5C001E1A678E57005C2061 /* Frameworks */,
				FD5C001F1A678E57005C2061 /* Resources */,
			);
			buildRules = (
			);
			dependencies = (
			);
			name = iosDemo;
			productName = iosDemo;
			productReference = FD5C00211A678E57005C2061 /* iosDemo.app */;
			productType = "com.apple.product-type.application";
		};
		FD5C00391A678E57005C2061 /* iosDemoTests */ = {
			isa = PBXNativeTarget;
			buildConfigurationList = FD5C00471A678E57005C2061 /* Build configuration list for PBXNativeTarget "iosDemoTests" */;
			buildPhases = (
				FD5C00361A678E57005C2061 /* Sources */,
				FD5C00371A678E57005C2061 /* Frameworks */,
				FD5C00381A678E57005C2061 /* Resources */,
			);
			buildRules = (
			);
			dependencies = (
				FD5C003C1A678E57005C2061 /* PBXTargetDependency */,
			);
			name = iosDemoTests;
			productName = iosDemoTests;
			productReference = FD5C003A1A678E57005C2061 /* iosDemoTests.xctest */;
			productType = "com.apple.product-type.bundle.unit-test";
		};
/* End PBXNativeTarget section */

/* Begin PBXProject section */
		FD5C00191A678E57005C2061 /* Project object */ = {
			isa = PBXProject;
			attributes = {
				LastUpgradeCheck = 0610;
				ORGANIZATIONNAME = long;
				TargetAttributes = {
					FD5C00201A678E57005C2061 = {
						CreatedOnToolsVersion = 6.1.1;
					};
					FD5C00391A678E57005C2061 = {
						CreatedOnToolsVersion = 6.1.1;
						TestTargetID = FD5C00201A678E57005C2061;
					};
				};
			};
			buildConfigurationList = FD5C001C1A678E57005C2061 /* Build configuration list for PBXProject "iosDemo" */;
			compatibilityVersion = "Xcode 3.2";
			developmentRegion = English;
			hasScannedForEncodings = 0;
			knownRegions = (
				en,
				Base,
			);
			mainGroup = FD5C00181A678E57005C2061;
			productRefGroup = FD5C00221A678E57005C2061 /* Products */;
			projectDirPath = "";
			projectRoot = "";
			targets = (
				FD5C00201A678E57005C2061 /* iosDemo */,
				FD5C00391A678E57005C2061 /* iosDemoTests */,
			);
		};
/* End PBXProject section */

/* Begin PBXResourcesBuildPhase section */
		FD5C001F1A678E57005C2061 /* Resources */ = {
			isa = PBXResourcesBuildPhase;
			buildActionMask = 2147483647;
			files = (
				FD5C00301A678E57005C2061 /* Main.storyboard in Resources */,
				FD5C00351A678E57005C2061 /* LaunchScreen.xib in Resources */,
				FD5C00321A678E57005C2061 /* Images.xcassets in Resources */,
			);
			runOnlyForDeploymentPostprocessing = 0;
		};
		FD5C00381A678E57005C2061 /* Resources */ = {
			isa = PBXResourcesBuildPhase;
			buildActionMask = 2147483647;
			files = (
			);
			runOnlyForDeploymentPostprocessing = 0;
		};
/* End PBXResourcesBuildPhase section */

/* Begin PBXSourcesBuildPhase section */
		FD5C001D1A678E57005C2061 /* Sources */ = {
			isa = PBXSourcesBuildPhase;
			buildActionMask = 2147483647;
			files = (
				FD5C002D1A678E57005C2061 /* ViewController.m in Sources */,
				FD5C002A1A678E57005C2061 /* AppDelegate.m in Sources */,
				FD5C00271A678E57005C2061 /* main.m in Sources */,
			);
			runOnlyForDeploymentPostprocessing = 0;
		};
		FD5C00361A678E57005C2061 /* Sources */ = {
			isa = PBXSourcesBuildPhase;
			buildActionMask = 2147483647;
			files = (
				FD5C00411A678E57005C2061 /* iosDemoTests.m in Sources */,
			);
			runOnlyForDeploymentPostprocessing = 0;
		};
/* End PBXSourcesBuildPhase section */

/* Begin PBXTargetDependency section */
		FD5C003C1A678E57005C2061 /* PBXTargetDependency */ = {
			isa = PBXTargetDependency;
			target = FD5C00201A678E57005C2061 /* iosDemo */;
			targetProxy = FD5C003B1A678E57005C2061 /* PBXContainerItemProxy */;
		};
/* End PBXTargetDependency section */

/* Begin PBXVariantGroup section */
		FD5C002E1A678E57005C2061 /* Main.storyboard */ = {
			isa = PBXVariantGroup;
			children = (
				FD5C002F1A678E57005C2061 /* Base */,
			);
			name = Main.storyboard;
			sourceTree = "<group>";
		};
		FD5C00331A678E57005C2061 /* LaunchScreen.xib */ = {
			isa = PBXVariantGroup;
			children = (
				FD5C00341A678E57005C2061 /* Base */,
			);
			name = LaunchScreen.xib;
			sourceTree = "<group>";
		};
/* End PBXVariantGroup section */

/* Begin XCBuildConfiguration section */
		FD5C00421A678E57005C2061 /* Debug */ = {
			isa = XCBuildConfiguration;
			buildSettings = {
				ALWAYS_SEARCH_USER_PATHS = NO;
				CLANG_CXX_LANGUAGE_STANDARD = "gnu++0x";
				CLANG_CXX_LIBRARY = "libc++";
				CLANG_ENABLE_MODULES = YES;
				CLANG_ENABLE_OBJC_ARC = YES;
				CLANG_WARN_BOOL_CONVERSION = YES;
				CLANG_WARN_CONSTANT_CONVERSION = YES;
				CLANG_WARN_DIRECT_OBJC_ISA_USAGE = YES_ERROR;
				CLANG_WARN_EMPTY_BODY = YES;
				CLANG_WARN_ENUM_CONVERSION = YES;
				CLANG_WARN_INT_CONVERSION = YES;
				CLANG_WARN_OBJC_ROOT_CLASS = YES_ERROR;
				CLANG_WARN_UNREACHABLE_CODE = YES;
				CLANG_WARN__DUPLICATE_METHOD_MATCH = YES;
				"CODE_SIGN_IDENTITY[sdk=iphoneos*]" = "iPhone Developer";
				COPY_PHASE_STRIP = NO;
				ENABLE_STRICT_OBJC_MSGSEND = YES;
				GCC_C_LANGUAGE_STANDARD = gnu99;
				GCC_DYNAMIC_NO_PIC = NO;
				GCC_OPTIMIZATION_LEVEL = 0;
				GCC_PREPROCESSOR_DEFINITIONS = (
					"DEBUG=1",
					"$(inherited)",
				);
				GCC_SYMBOLS_PRIVATE_EXTERN = NO;
				GCC_WARN_64_TO_32_BIT_CONVERSION = YES;
				GCC_WARN_ABOUT_RETURN_TYPE = YES_ERROR;
				GCC_WARN_UNDECLARED_SELECTOR = YES;
				GCC_WARN_UNINITIALIZED_AUTOS = YES_AGGRESSIVE;
				GCC_WARN_UNUSED_FUNCTION = YES;
				GCC_WARN_UNUSED_VARIABLE = YES;
				IPHONEOS_DEPLOYMENT_TARGET = 8.1;
				MTL_ENABLE_DEBUG_INFO = YES;
				ONLY_ACTIVE_ARCH = YES;
				SDKROOT = iphoneos;
			};
			name = Debug;
		};
		FD5C00431A678E57005C2061 /* Release */ = {
			isa = XCBuildConfiguration;
			buildSettings = {
				ALWAYS_SEARCH_USER_PATHS = NO;
				CLANG_CXX_LANGUAGE_STANDARD = "gnu++0x";
				CLANG_CXX_LIBRARY = "libc++";
				CLANG_ENABLE_MODULES = YES;
				CLANG_ENABLE_OBJC_ARC = YES;
				CLANG_WARN_BOOL_CONVERSION = YES;
				CLANG_WARN_CONSTANT_CONVERSION = YES;
				CLANG_WARN_DIRECT_OBJC_ISA_USAGE = YES_ERROR;
				CLANG_WARN_EMPTY_BODY = YES;
				CLANG_WARN_ENUM_CONVERSION = YES;
				CLANG_WARN_INT_CONVERSION = YES;
				CLANG_WARN_OBJC_ROOT_CLASS = YES_ERROR;
				CLANG_WARN_UNREACHABLE_CODE = YES;
				CLANG_WARN__DUPLICATE_METHOD_MATCH = YES;
				"CODE_SIGN_IDENTITY[sdk=iphoneos*]" = "iPhone Developer";
				COPY_PHASE_STRIP = YES;
				ENABLE_NS_ASSERTIONS = NO;
				ENABLE_STRICT_OBJC_MSGSEND = YES;
				GCC_C_LANGUAGE_STANDARD = gnu99;
				GCC_WARN_64_TO_32_BIT_CONVERSION = YES;
				GCC_WARN_ABOUT_RETURN_TYPE = YES_ERROR;
				GCC_WARN_UNDECLARED_SELECTOR = YES;
				GCC_WARN_UNINITIALIZED_AUTOS = YES_AGGRESSIVE;
				GCC_WARN_UNUSED_FUNCTION = YES;
				GCC_WARN_UNUSED_VARIABLE = YES;
				IPHONEOS_DEPLOYMENT_TARGET = 8.1;
				MTL_ENABLE_DEBUG_INFO = NO;
				SDKROOT = iphoneos;
				VALIDATE_PRODUCT = YES;
			};
			name = Release;
		};
		FD5C00451A678E57005C2061 /* Debug */ = {
			isa = XCBuildConfiguration;
			buildSettings = {
				ASSETCATALOG_COMPILER_APPICON_NAME = AppIcon;
				INFOPLIST_FILE = iosDemo/Info.plist;
				LD_RUNPATH_SEARCH_PATHS = "$(inherited) @executable_path/Frameworks";
				PRODUCT_NAME = "$(TARGET_NAME)";
			};
			name = Debug;
		};
		FD5C00461A678E57005C2061 /* Release */ = {
			isa = XCBuildConfiguration;
			buildSettings = {
				ASSETCATALOG_COMPILER_APPICON_NAME = AppIcon;
				INFOPLIST_FILE = iosDemo/Info.plist;
				LD_RUNPATH_SEARCH_PATHS = "$(inherited) @executable_path/Frameworks";
				PRODUCT_NAME = "$(TARGET_NAME)";
			};
			name = Release;
		};
		FD5C00481A678E57005C2061 /* Debug */ = {
			isa = XCBuildConfiguration;
			buildSettings = {
				BUNDLE_LOADER = "$(TEST_HOST)";
				FRAMEWORK_SEARCH_PATHS = (
					"$(SDKROOT)/Developer/Library/Frameworks",
					"$(inherited)",
				);
				GCC_PREPROCESSOR_DEFINITIONS = (
					"DEBUG=1",
					"$(inherited)",
				);
				INFOPLIST_FILE = iosDemoTests/Info.plist;
				LD_RUNPATH_SEARCH_PATHS = "$(inherited) @executable_path/Frameworks @loader_path/Frameworks";
				PRODUCT_NAME = "$(TARGET_NAME)";
				TEST_HOST = "$(BUILT_PRODUCTS_DIR)/iosDemo.app/iosDemo";
			};
			name = Debug;
		};
		FD5C00491A678E57005C2061 /* Release */ = {
			isa = XCBuildConfiguration;
			buildSettings = {
				BUNDLE_LOADER = "$(TEST_HOST)";
				FRAMEWORK_SEARCH_PATHS = (
					"$(SDKROOT)/Developer/Library/Frameworks",
					"$(inherited)",
				);
				INFOPLIST_FILE = iosDemoTests/Info.plist;
				LD_RUNPATH_SEARCH_PATHS = "$(inherited) @executable_path/Frameworks @loader_path/Frameworks";
				PRODUCT_NAME = "$(TARGET_NAME)";
				TEST_HOST = "$(BUILT_PRODUCTS_DIR)/iosDemo.app/iosDemo";
			};
			name = Release;
		};
/* End XCBuildConfiguration section */

/* Begin XCConfigurationList section */
		FD5C001C1A678E57005C2061 /* Build configuration list for PBXProject "iosDemo" */ = {
			isa = XCConfigurationList;
			buildConfigurations = (
				FD5C00421A678E57005C2061 /* Debug */,
				FD5C00431A678E57005C2061 /* Release */,
			);
			defaultConfigurationIsVisible = 0;
			defaultConfigurationName = Release;
		};
		FD5C00441A678E57005C2061 /* Build configuration list for PBXNativeTarget "iosDemo" */ = {
			isa = XCConfigurationList;
			buildConfigurations = (
				FD5C00451A678E57005C2061 /* Debug */,
				FD5C00461A678E57005C2061 /* Release */,
			);
			defaultConfigurationIsVisible = 0;
		};
		FD5C00471A678E57005C2061 /* Build configuration list for PBXNativeTarget "iosDemoTests" */ = {
			isa = XCConfigurationList;
			buildConfigurations = (
				FD5C00481A678E57005C2061 /* Debug */,
				FD5C00491A678E57005C2061 /* Release */,
			);
			defaultConfigurationIsVisible = 0;
		};
/* End XCConfigurationList section */
	};
	rootObject = FD5C00191A678E57005C2061 /* Project object */;
}
